
Microsoft Visual Studio Solution File, Format Version 12.00
# Visual Studio Version 17
VisualStudioVersion = 17.1.32319.34
MinimumVisualStudioVersion = 10.0.40219.1
Project("{FAE04EC0-301F-11D3-BF4B-00C04F79EFBC}") = "Lanstaller", "Lanstaller\Lanstaller.csproj", "{8B255B64-FDB3-4072-AA2E-651E01DD984A}"
EndProject
Project("{FAE04EC0-301F-11D3-BF4B-00C04F79EFBC}") = "Lanstaller Management Console", "Lanstaller Management Console\Lanstaller Management Console.csproj", "{982EC2B2-53D0-48BC-91A5-49176056DBA6}"
EndProject
Project("{9A19103F-16F7-4668-BE54-9A1E7A4F7556}") = "Lanstaller Shared", "Lanstaller Shared\Lanstaller Shared.csproj", "{6E28D0C4-FC93-415C-B8BF-F4AED62F74BF}"
EndProject
Project("{FAE04EC0-301F-11D3-BF4B-00C04F79EFBC}") = "Lanstaller.Updater", "Lanstaller.Updater\Lanstaller.Updater.csproj", "{54AB665B-7AED-4AA7-90A5-F26F8C13BD05}"
EndProject
Project("{FAE04EC0-301F-11D3-BF4B-00C04F79EFBC}") = "Lanstaller Stub Installer", "Lanstaller Stub Installer\Lanstaller Stub Installer.csproj", "{B8289659-0E5E-4A61-BDA4-8D823BA6C6C5}"
EndProject
Project("{9A19103F-16F7-4668-BE54-9A1E7A4F7556}") = "LanstallerAPI", "LanstallerAPI\LanstallerAPI.csproj", "{C9F26EE0-8E1A-43AD-A22B-9B2810A67108}"
EndProject
Project("{FAE04EC0-301F-11D3-BF4B-00C04F79EFBC}") = "LanstallerWeb", "LanstallerWeb\LanstallerWeb.csproj", "{75FFACA3-69B4-4ACA-9072-AD4F840973BF}"
EndProject
Global
	GlobalSection(SolutionConfigurationPlatforms) = preSolution
		Debug|Any CPU = Debug|Any CPU
		Release|Any CPU = Release|Any CPU
	EndGlobalSection
	GlobalSection(ProjectConfigurationPlatforms) = postSolution
		{8B255B64-FDB3-4072-AA2E-651E01DD984A}.Debug|Any CPU.ActiveCfg = Debug|Any CPU
		{8B255B64-FDB3-4072-AA2E-651E01DD984A}.Debug|Any CPU.Build.0 = Debug|Any CPU
		{8B255B64-FDB3-4072-AA2E-651E01DD984A}.Release|Any CPU.ActiveCfg = Release|Any CPU
		{8B255B64-FDB3-4072-AA2E-651E01DD984A}.Release|Any CPU.Build.0 = Release|Any CPU
		{982EC2B2-53D0-48BC-91A5-49176056DBA6}.Debug|Any CPU.ActiveCfg = Debug|Any CPU
		{982EC2B2-53D0-48BC-91A5-49176056DBA6}.Debug|Any CPU.Build.0 = Debug|Any CPU
		{982EC2B2-53D0-48BC-91A5-49176056DBA6}.Release|Any CPU.ActiveCfg = Release|Any CPU
		{982EC2B2-53D0-48BC-91A5-49176056DBA6}.Release|Any CPU.Build.0 = Release|Any CPU
		{6E28D0C4-FC93-415C-B8BF-F4AED62F74BF}.Debug|Any CPU.ActiveCfg = Debug|Any CPU
		{6E28D0C4-FC93-415C-B8BF-F4AED62F74BF}.Debug|Any CPU.Build.0 = Debug|Any CPU
		{6E28D0C4-FC93-415C-B8BF-F4AED62F74BF}.Release|Any CPU.ActiveCfg = Release|Any CPU
		{6E28D0C4-FC93-415C-B8BF-F4AED62F74BF}.Release|Any CPU.Build.0 = Release|Any CPU
		{54AB665B-7AED-4AA7-90A5-F26F8C13BD05}.Debug|Any CPU.ActiveCfg = Debug|Any CPU
		{54AB665B-7AED-4AA7-90A5-F26F8C13BD05}.Debug|Any CPU.Build.0 = Debug|Any CPU
		{54AB665B-7AED-4AA7-90A5-F26F8C13BD05}.Release|Any CPU.ActiveCfg = Release|Any CPU
		{54AB665B-7AED-4AA7-90A5-F26F8C13BD05}.Release|Any CPU.Build.0 = Release|Any CPU
		{B8289659-0E5E-4A61-BDA4-8D823BA6C6C5}.Debug|Any CPU.ActiveCfg = Debug|Any CPU
		{B8289659-0E5E-4A61-BDA4-8D823BA6C6C5}.Debug|Any CPU.Build.0 = Debug|Any CPU
		{B8289659-0E5E-4A61-BDA4-8D823BA6C6C5}.Release|Any CPU.ActiveCfg = Release|Any CPU
		{B8289659-0E5E-4A61-BDA4-8D823BA6C6C5}.Release|Any CPU.Build.0 = Release|Any CPU
		{C9F26EE0-8E1A-43AD-A22B-9B2810A67108}.Debug|Any CPU.ActiveCfg = Debug|Any CPU
		{C9F26EE0-8E1A-43AD-A22B-9B2810A67108}.Debug|Any CPU.Build.0 = Debug|Any CPU
		{C9F26EE0-8E1A-43AD-A22B-9B2810A67108}.Release|Any CPU.ActiveCfg = Release|Any CPU
		{C9F26EE0-8E1A-43AD-A22B-9B2810A67108}.Release|Any CPU.Build.0 = Release|Any CPU
		{75FFACA3-69B4-4ACA-9072-AD4F840973BF}.Debug|Any CPU.ActiveCfg = Debug|Any CPU
		{75FFACA3-69B4-4ACA-9072-AD4F840973BF}.Debug|Any CPU.Build.0 = Debug|Any CPU
		{75FFACA3-69B4-4ACA-9072-AD4F840973BF}.Release|Any CPU.ActiveCfg = Release|Any CPU
		{75FFACA3-69B4-4ACA-9072-AD4F840973BF}.Release|Any CPU.Build.0 = Release|Any CPU
	EndGlobalSection
	GlobalSection(SolutionProperties) = preSolution
		HideSolutionNode = FALSE
	EndGlobalSection
	GlobalSection(ExtensibilityGlobals) = postSolution
		SolutionGuid = {6FC63733-01AA-4030-A77C-4BE0439F4EA7}
	EndGlobalSection
EndGlobal
